
Microsoft Visual Studio Solution File, Format Version 12.00
# Visual Studio Version 16
VisualStudioVersion = 16.0.31112.23
MinimumVisualStudioVersion = 10.0.40219.1
Project("{FAE04EC0-301F-11D3-BF4B-00C04F79EFBC}") = "M2_NETCoreMVC.Web", "M2_NETCoreMVC.Web\M2_NETCoreMVC.Web.csproj", "{820FBC4C-FFF1-4F69-A415-A2675EB76F2E}"
EndProject
Global
	GlobalSection(SolutionConfigurationPlatforms) = preSolution
		Debug|Any CPU = Debug|Any CPU
		Release|Any CPU = Release|Any CPU
	EndGlobalSection
	GlobalSection(ProjectConfigurationPlatforms) = postSolution
		{820FBC4C-FFF1-4F69-A415-A2675EB76F2E}.Debug|Any CPU.ActiveCfg = Debug|Any CPU
		{820FBC4C-FFF1-4F69-A415-A2675EB76F2E}.Debug|Any CPU.Build.0 = Debug|Any CPU
		{820FBC4C-FFF1-4F69-A415-A2675EB76F2E}.Release|Any CPU.ActiveCfg = Release|Any CPU
		{820FBC4C-FFF1-4F69-A415-A2675EB76F2E}.Release|Any CPU.Build.0 = Release|Any CPU
	EndGlobalSection
	GlobalSection(SolutionProperties) = preSolution
		HideSolutionNode = FALSE
	EndGlobalSection
	GlobalSection(ExtensibilityGlobals) = postSolution
		SolutionGuid = {FB7FF75F-AAEF-4711-AFF8-D7FC2990138D}
	EndGlobalSection
EndGlobal
